
Microsoft Visual Studio Solution File, Format Version 12.00
# Visual Studio 15
VisualStudioVersion = 15.0.28307.438
MinimumVisualStudioVersion = 10.0.40219.1
Project("{FAE04EC0-301F-11D3-BF4B-00C04F79EFBC}") = "ConsoleApp1", "ConsoleApp1\ConsoleApp1.csproj", "{82055247-11E1-4119-A8DB-B61264F17FC2}"
EndProject
Project("{FAE04EC0-301F-11D3-BF4B-00C04F79EFBC}") = "Banco", "Banco\Banco.csproj", "{D1FB819F-5911-4D23-AA0C-244C45360BB6}"
EndProject
Project("{FAE04EC0-301F-11D3-BF4B-00C04F79EFBC}") = "RECEPCAO", "RECEPCAO\RECEPCAO.csproj", "{08F59707-B719-47F0-8EFF-AFC8FBA3825D}"
EndProject
Project("{FAE04EC0-301F-11D3-BF4B-00C04F79EFBC}") = "Usuario", "Usuario\Usuario.csproj", "{7095C0B1-0C0C-4290-B958-B86F7743E134}"
EndProject
Global
	GlobalSection(SolutionConfigurationPlatforms) = preSolution
		Debug|Any CPU = Debug|Any CPU
		Release|Any CPU = Release|Any CPU
	EndGlobalSection
	GlobalSection(ProjectConfigurationPlatforms) = postSolution
		{82055247-11E1-4119-A8DB-B61264F17FC2}.Debug|Any CPU.ActiveCfg = Debug|Any CPU
		{82055247-11E1-4119-A8DB-B61264F17FC2}.Debug|Any CPU.Build.0 = Debug|Any CPU
		{82055247-11E1-4119-A8DB-B61264F17FC2}.Release|Any CPU.ActiveCfg = Release|Any CPU
		{82055247-11E1-4119-A8DB-B61264F17FC2}.Release|Any CPU.Build.0 = Release|Any CPU
		{D1FB819F-5911-4D23-AA0C-244C45360BB6}.Debug|Any CPU.ActiveCfg = Debug|Any CPU
		{D1FB819F-5911-4D23-AA0C-244C45360BB6}.Debug|Any CPU.Build.0 = Debug|Any CPU
		{D1FB819F-5911-4D23-AA0C-244C45360BB6}.Release|Any CPU.ActiveCfg = Release|Any CPU
		{D1FB819F-5911-4D23-AA0C-244C45360BB6}.Release|Any CPU.Build.0 = Release|Any CPU
		{08F59707-B719-47F0-8EFF-AFC8FBA3825D}.Debug|Any CPU.ActiveCfg = Debug|Any CPU
		{08F59707-B719-47F0-8EFF-AFC8FBA3825D}.Debug|Any CPU.Build.0 = Debug|Any CPU
		{08F59707-B719-47F0-8EFF-AFC8FBA3825D}.Release|Any CPU.ActiveCfg = Release|Any CPU
		{08F59707-B719-47F0-8EFF-AFC8FBA3825D}.Release|Any CPU.Build.0 = Release|Any CPU
		{7095C0B1-0C0C-4290-B958-B86F7743E134}.Debug|Any CPU.ActiveCfg = Debug|Any CPU
		{7095C0B1-0C0C-4290-B958-B86F7743E134}.Debug|Any CPU.Build.0 = Debug|Any CPU
		{7095C0B1-0C0C-4290-B958-B86F7743E134}.Release|Any CPU.ActiveCfg = Release|Any CPU
		{7095C0B1-0C0C-4290-B958-B86F7743E134}.Release|Any CPU.Build.0 = Release|Any CPU
	EndGlobalSection
	GlobalSection(SolutionProperties) = preSolution
		HideSolutionNode = FALSE
	EndGlobalSection
	GlobalSection(ExtensibilityGlobals) = postSolution
		SolutionGuid = {EE56F197-43A4-4BD1-A3C9-113614C02C8C}
	EndGlobalSection
EndGlobal
